// !$*UTF8*$!
{
	archiveVersion = 1;
	classes = {
	};
	objectVersion = 56;
	objects = {

/* Begin PBXBuildFile section */
		642030F829B9B2E0008DF524 /* AppDelegate.swift in Sources */ = {isa = PBXBuildFile; fileRef = 642030F729B9B2E0008DF524 /* AppDelegate.swift */; };
		642030FA29B9B2E0008DF524 /* SceneDelegate.swift in Sources */ = {isa = PBXBuildFile; fileRef = 642030F929B9B2E0008DF524 /* SceneDelegate.swift */; };
		642030FC29B9B2E0008DF524 /* PieChartViewController.swift in Sources */ = {isa = PBXBuildFile; fileRef = 642030FB29B9B2E0008DF524 /* PieChartViewController.swift */; };
		642030FF29B9B2E0008DF524 /* Main.storyboard in Resources */ = {isa = PBXBuildFile; fileRef = 642030FD29B9B2E0008DF524 /* Main.storyboard */; };
		6420310129B9B2E2008DF524 /* Assets.xcassets in Resources */ = {isa = PBXBuildFile; fileRef = 6420310029B9B2E2008DF524 /* Assets.xcassets */; };
		6420310429B9B2E2008DF524 /* LaunchScreen.storyboard in Resources */ = {isa = PBXBuildFile; fileRef = 6420310229B9B2E2008DF524 /* LaunchScreen.storyboard */; };
		649396DF29C69CB7000B8B2B /* BarPlotViewController.swift in Sources */ = {isa = PBXBuildFile; fileRef = 649396DE29C69CB7000B8B2B /* BarPlotViewController.swift */; };
		7CED2FECAE2F758148BB0713 /* Pods_Plot.framework in Frameworks */ = {isa = PBXBuildFile; fileRef = B6BB2D597014FBECFD077D78 /* Pods_Plot.framework */; };
/* End PBXBuildFile section */

/* Begin PBXFileReference section */
		4F2A1503BB4B9B598147F0D9 /* Pods-Plot.debug.xcconfig */ = {isa = PBXFileReference; includeInIndex = 1; lastKnownFileType = text.xcconfig; name = "Pods-Plot.debug.xcconfig"; path = "Target Support Files/Pods-Plot/Pods-Plot.debug.xcconfig"; sourceTree = "<group>"; };
		642030F429B9B2E0008DF524 /* Plot.app */ = {isa = PBXFileReference; explicitFileType = wrapper.application; includeInIndex = 0; path = Plot.app; sourceTree = BUILT_PRODUCTS_DIR; };
		642030F729B9B2E0008DF524 /* AppDelegate.swift */ = {isa = PBXFileReference; lastKnownFileType = sourcecode.swift; path = AppDelegate.swift; sourceTree = "<group>"; };
		642030F929B9B2E0008DF524 /* SceneDelegate.swift */ = {isa = PBXFileReference; lastKnownFileType = sourcecode.swift; path = SceneDelegate.swift; sourceTree = "<group>"; };
		642030FB29B9B2E0008DF524 /* PieChartViewController.swift */ = {isa = PBXFileReference; lastKnownFileType = sourcecode.swift; path = PieChartViewController.swift; sourceTree = "<group>"; };
		642030FE29B9B2E0008DF524 /* Base */ = {isa = PBXFileReference; lastKnownFileType = file.storyboard; name = Base; path = Base.lproj/Main.storyboard; sourceTree = "<group>"; };
		6420310029B9B2E2008DF524 /* Assets.xcassets */ = {isa = PBXFileReference; lastKnownFileType = folder.assetcatalog; path = Assets.xcassets; sourceTree = "<group>"; };
		6420310329B9B2E2008DF524 /* Base */ = {isa = PBXFileReference; lastKnownFileType = file.storyboard; name = Base; path = Base.lproj/LaunchScreen.storyboard; sourceTree = "<group>"; };
		6420310529B9B2E2008DF524 /* Info.plist */ = {isa = PBXFileReference; lastKnownFileType = text.plist.xml; path = Info.plist; sourceTree = "<group>"; };
		649396DE29C69CB7000B8B2B /* BarPlotViewController.swift */ = {isa = PBXFileReference; lastKnownFileType = sourcecode.swift; path = BarPlotViewController.swift; sourceTree = "<group>"; };
		77B4C4F31767367A9CCC1842 /* Pods-Plot.release.xcconfig */ = {isa = PBXFileReference; includeInIndex = 1; lastKnownFileType = text.xcconfig; name = "Pods-Plot.release.xcconfig"; path = "Target Support Files/Pods-Plot/Pods-Plot.release.xcconfig"; sourceTree = "<group>"; };
		B6BB2D597014FBECFD077D78 /* Pods_Plot.framework */ = {isa = PBXFileReference; explicitFileType = wrapper.framework; includeInIndex = 0; path = Pods_Plot.framework; sourceTree = BUILT_PRODUCTS_DIR; };
/* End PBXFileReference section */

/* Begin PBXFrameworksBuildPhase section */
		642030F129B9B2E0008DF524 /* Frameworks */ = {
			isa = PBXFrameworksBuildPhase;
			buildActionMask = 2147483647;
			files = (
				7CED2FECAE2F758148BB0713 /* Pods_Plot.framework in Frameworks */,
			);
			runOnlyForDeploymentPostprocessing = 0;
		};
/* End PBXFrameworksBuildPhase section */

/* Begin PBXGroup section */
		642030EB29B9B2E0008DF524 = {
			isa = PBXGroup;
			children = (
				642030F629B9B2E0008DF524 /* Plot */,
				642030F529B9B2E0008DF524 /* Products */,
				88AF0AED28935CD274983E5F /* Pods */,
				82CEC73EB8621FDACA2BDC66 /* Frameworks */,
			);
			sourceTree = "<group>";
		};
		642030F529B9B2E0008DF524 /* Products */ = {
			isa = PBXGroup;
			children = (
				642030F429B9B2E0008DF524 /* Plot.app */,
			);
			name = Products;
			sourceTree = "<group>";
		};
		642030F629B9B2E0008DF524 /* Plot */ = {
			isa = PBXGroup;
			children = (
				642030F729B9B2E0008DF524 /* AppDelegate.swift */,
				642030F929B9B2E0008DF524 /* SceneDelegate.swift */,
				649396DE29C69CB7000B8B2B /* BarPlotViewController.swift */,
				642030FB29B9B2E0008DF524 /* PieChartViewController.swift */,
				642030FD29B9B2E0008DF524 /* Main.storyboard */,
				6420310029B9B2E2008DF524 /* Assets.xcassets */,
				6420310229B9B2E2008DF524 /* LaunchScreen.storyboard */,
				6420310529B9B2E2008DF524 /* Info.plist */,
			);
			path = Plot;
			sourceTree = "<group>";
		};
		82CEC73EB8621FDACA2BDC66 /* Frameworks */ = {
			isa = PBXGroup;
			children = (
				B6BB2D597014FBECFD077D78 /* Pods_Plot.framework */,
			);
			name = Frameworks;
			sourceTree = "<group>";
		};
		88AF0AED28935CD274983E5F /* Pods */ = {
			isa = PBXGroup;
			children = (
				4F2A1503BB4B9B598147F0D9 /* Pods-Plot.debug.xcconfig */,
				77B4C4F31767367A9CCC1842 /* Pods-Plot.release.xcconfig */,
			);
			path = Pods;
			sourceTree = "<group>";
		};
/* End PBXGroup section */

/* Begin PBXNativeTarget section */
		642030F329B9B2E0008DF524 /* Plot */ = {
			isa = PBXNativeTarget;
			buildConfigurationList = 6420310829B9B2E2008DF524 /* Build configuration list for PBXNativeTarget "Plot" */;
			buildPhases = (
				5D120A8F475BC7AADDCF2EAD /* [CP] Check Pods Manifest.lock */,
				642030F029B9B2E0008DF524 /* Sources */,
				642030F129B9B2E0008DF524 /* Frameworks */,
				642030F229B9B2E0008DF524 /* Resources */,
				218B37EC09356901DD114FD0 /* [CP] Embed Pods Frameworks */,
			);
			buildRules = (
			);
			dependencies = (
			);
			name = Plot;
			productName = Plot;
			productReference = 642030F429B9B2E0008DF524 /* Plot.app */;
			productType = "com.apple.product-type.application";
		};
/* End PBXNativeTarget section */

/* Begin PBXProject section */
		642030EC29B9B2E0008DF524 /* Project object */ = {
			isa = PBXProject;
			attributes = {
				BuildIndependentTargetsInParallel = 1;
				LastSwiftUpdateCheck = 1420;
				LastUpgradeCheck = 1420;
				TargetAttributes = {
					642030F329B9B2E0008DF524 = {
						CreatedOnToolsVersion = 14.2;
					};
				};
			};
			buildConfigurationList = 642030EF29B9B2E0008DF524 /* Build configuration list for PBXProject "Plot" */;
			compatibilityVersion = "Xcode 14.0";
			developmentRegion = en;
			hasScannedForEncodings = 0;
			knownRegions = (
				en,
				Base,
			);
			mainGroup = 642030EB29B9B2E0008DF524;
			productRefGroup = 642030F529B9B2E0008DF524 /* Products */;
			projectDirPath = "";
			projectRoot = "";
			targets = (
				642030F329B9B2E0008DF524 /* Plot */,
			);
		};
/* End PBXProject section */

/* Begin PBXResourcesBuildPhase section */
		642030F229B9B2E0008DF524 /* Resources */ = {
			isa = PBXResourcesBuildPhase;
			buildActionMask = 2147483647;
			files = (
				6420310429B9B2E2008DF524 /* LaunchScreen.storyboard in Resources */,
				6420310129B9B2E2008DF524 /* Assets.xcassets in Resources */,
				642030FF29B9B2E0008DF524 /* Main.storyboard in Resources */,
			);
			runOnlyForDeploymentPostprocessing = 0;
		};
/* End PBXResourcesBuildPhase section */

/* Begin PBXShellScriptBuildPhase section */
		218B37EC09356901DD114FD0 /* [CP] Embed Pods Frameworks */ = {
			isa = PBXShellScriptBuildPhase;
			buildActionMask = 2147483647;
			files = (
			);
			inputFileListPaths = (
				"${PODS_ROOT}/Target Support Files/Pods-Plot/Pods-Plot-frameworks-${CONFIGURATION}-input-files.xcfilelist",
			);
			name = "[CP] Embed Pods Frameworks";
			outputFileListPaths = (
				"${PODS_ROOT}/Target Support Files/Pods-Plot/Pods-Plot-frameworks-${CONFIGURATION}-output-files.xcfilelist",
			);
			runOnlyForDeploymentPostprocessing = 0;
			shellPath = /bin/sh;
			shellScript = "\"${PODS_ROOT}/Target Support Files/Pods-Plot/Pods-Plot-frameworks.sh\"\n";
			showEnvVarsInLog = 0;
		};
		5D120A8F475BC7AADDCF2EAD /* [CP] Check Pods Manifest.lock */ = {
			isa = PBXShellScriptBuildPhase;
			buildActionMask = 2147483647;
			files = (
			);
			inputFileListPaths = (
			);
			inputPaths = (
				"${PODS_PODFILE_DIR_PATH}/Podfile.lock",
				"${PODS_ROOT}/Manifest.lock",
			);
			name = "[CP] Check Pods Manifest.lock";
			outputFileListPaths = (
			);
			outputPaths = (
				"$(DERIVED_FILE_DIR)/Pods-Plot-checkManifestLockResult.txt",
			);
			runOnlyForDeploymentPostprocessing = 0;
			shellPath = /bin/sh;
			shellScript = "diff \"${PODS_PODFILE_DIR_PATH}/Podfile.lock\" \"${PODS_ROOT}/Manifest.lock\" > /dev/null\nif [ $? != 0 ] ; then\n    # print error to STDERR\n    echo \"error: The sandbox is not in sync with the Podfile.lock. Run 'pod install' or update your CocoaPods installation.\" >&2\n    exit 1\nfi\n# This output is used by Xcode 'outputs' to avoid re-running this script phase.\necho \"SUCCESS\" > \"${SCRIPT_OUTPUT_FILE_0}\"\n";
			showEnvVarsInLog = 0;
		};
/* End PBXShellScriptBuildPhase section */

/* Begin PBXSourcesBuildPhase section */
		642030F029B9B2E0008DF524 /* Sources */ = {
			isa = PBXSourcesBuildPhase;
			buildActionMask = 2147483647;
			files = (
				642030FC29B9B2E0008DF524 /* PieChartViewController.swift in Sources */,
				649396DF29C69CB7000B8B2B /* BarPlotViewController.swift in Sources */,
				642030F829B9B2E0008DF524 /* AppDelegate.swift in Sources */,
				642030FA29B9B2E0008DF524 /* SceneDelegate.swift in Sources */,
			);
			runOnlyForDeploymentPostprocessing = 0;
		};
/* End PBXSourcesBuildPhase section */

/* Begin PBXVariantGroup section */
		642030FD29B9B2E0008DF524 /* Main.storyboard */ = {
			isa = PBXVariantGroup;
			children = (
				642030FE29B9B2E0008DF524 /* Base */,
			);
			name = Main.storyboard;
			sourceTree = "<group>";
		};
		6420310229B9B2E2008DF524 /* LaunchScreen.storyboard */ = {
			isa = PBXVariantGroup;
			children = (
				6420310329B9B2E2008DF524 /* Base */,
			);
			name = LaunchScreen.storyboard;
			sourceTree = "<group>";
		};
/* End PBXVariantGroup section */

/* Begin XCBuildConfiguration section */
		6420310629B9B2E2008DF524 /* Debug */ = {
			isa = XCBuildConfiguration;
			buildSettings = {
				ALWAYS_SEARCH_USER_PATHS = NO;
				CLANG_ANALYZER_NONNULL = YES;
				CLANG_ANALYZER_NUMBER_OBJECT_CONVERSION = YES_AGGRESSIVE;
				CLANG_CXX_LANGUAGE_STANDARD = "gnu++20";
				CLANG_ENABLE_MODULES = YES;
				CLANG_ENABLE_OBJC_ARC = YES;
				CLANG_ENABLE_OBJC_WEAK = YES;
				CLANG_WARN_BLOCK_CAPTURE_AUTORELEASING = YES;
				CLANG_WARN_BOOL_CONVERSION = YES;
				CLANG_WARN_COMMA = YES;
				CLANG_WARN_CONSTANT_CONVERSION = YES;
				CLANG_WARN_DEPRECATED_OBJC_IMPLEMENTATIONS = YES;
				CLANG_WARN_DIRECT_OBJC_ISA_USAGE = YES_ERROR;
				CLANG_WARN_DOCUMENTATION_COMMENTS = YES;
				CLANG_WARN_EMPTY_BODY = YES;
				CLANG_WARN_ENUM_CONVERSION = YES;
				CLANG_WARN_INFINITE_RECURSION = YES;
				CLANG_WARN_INT_CONVERSION = YES;
				CLANG_WARN_NON_LITERAL_NULL_CONVERSION = YES;
				CLANG_WARN_OBJC_IMPLICIT_RETAIN_SELF = YES;
				CLANG_WARN_OBJC_LITERAL_CONVERSION = YES;
				CLANG_WARN_OBJC_ROOT_CLASS = YES_ERROR;
				CLANG_WARN_QUOTED_INCLUDE_IN_FRAMEWORK_HEADER = YES;
				CLANG_WARN_RANGE_LOOP_ANALYSIS = YES;
				CLANG_WARN_STRICT_PROTOTYPES = YES;
				CLANG_WARN_SUSPICIOUS_MOVE = YES;
				CLANG_WARN_UNGUARDED_AVAILABILITY = YES_AGGRESSIVE;
				CLANG_WARN_UNREACHABLE_CODE = YES;
				CLANG_WARN__DUPLICATE_METHOD_MATCH = YES;
				COPY_PHASE_STRIP = NO;
				DEBUG_INFORMATION_FORMAT = dwarf;
				ENABLE_STRICT_OBJC_MSGSEND = YES;
				ENABLE_TESTABILITY = YES;
				GCC_C_LANGUAGE_STANDARD = gnu11;
				GCC_DYNAMIC_NO_PIC = NO;
				GCC_NO_COMMON_BLOCKS = YES;
				GCC_OPTIMIZATION_LEVEL = 0;
				GCC_PREPROCESSOR_DEFINITIONS = (
					"DEBUG=1",
					"$(inherited)",
				);
				GCC_WARN_64_TO_32_BIT_CONVERSION = YES;
				GCC_WARN_ABOUT_RETURN_TYPE = YES_ERROR;
				GCC_WARN_UNDECLARED_SELECTOR = YES;
				GCC_WARN_UNINITIALIZED_AUTOS = YES_AGGRESSIVE;
				GCC_WARN_UNUSED_FUNCTION = YES;
				GCC_WARN_UNUSED_VARIABLE = YES;
				IPHONEOS_DEPLOYMENT_TARGET = 13.0;
				MTL_ENABLE_DEBUG_INFO = INCLUDE_SOURCE;
				MTL_FAST_MATH = YES;
				ONLY_ACTIVE_ARCH = YES;
				SDKROOT = iphoneos;
				SWIFT_ACTIVE_COMPILATION_CONDITIONS = DEBUG;
				SWIFT_OPTIMIZATION_LEVEL = "-Onone";
			};
			name = Debug;
		};
		6420310729B9B2E2008DF524 /* Release */ = {
			isa = XCBuildConfiguration;
			buildSettings = {
				ALWAYS_SEARCH_USER_PATHS = NO;
				CLANG_ANALYZER_NONNULL = YES;
				CLANG_ANALYZER_NUMBER_OBJECT_CONVERSION = YES_AGGRESSIVE;
				CLANG_CXX_LANGUAGE_STANDARD = "gnu++20";
				CLANG_ENABLE_MODULES = YES;
				CLANG_ENABLE_OBJC_ARC = YES;
				CLANG_ENABLE_OBJC_WEAK = YES;
				CLANG_WARN_BLOCK_CAPTURE_AUTORELEASING = YES;
				CLANG_WARN_BOOL_CONVERSION = YES;
				CLANG_WARN_COMMA = YES;
				CLANG_WARN_CONSTANT_CONVERSION = YES;
				CLANG_WARN_DEPRECATED_OBJC_IMPLEMENTATIONS = YES;
				CLANG_WARN_DIRECT_OBJC_ISA_USAGE = YES_ERROR;
				CLANG_WARN_DOCUMENTATION_COMMENTS = YES;
				CLANG_WARN_EMPTY_BODY = YES;
				CLANG_WARN_ENUM_CONVERSION = YES;
				CLANG_WARN_INFINITE_RECURSION = YES;
				CLANG_WARN_INT_CONVERSION = YES;
				CLANG_WARN_NON_LITERAL_NULL_CONVERSION = YES;
				CLANG_WARN_OBJC_IMPLICIT_RETAIN_SELF = YES;
				CLANG_WARN_OBJC_LITERAL_CONVERSION = YES;
				CLANG_WARN_OBJC_ROOT_CLASS = YES_ERROR;
				CLANG_WARN_QUOTED_INCLUDE_IN_FRAMEWORK_HEADER = YES;
				CLANG_WARN_RANGE_LOOP_ANALYSIS = YES;
				CLANG_WARN_STRICT_PROTOTYPES = YES;
				CLANG_WARN_SUSPICIOUS_MOVE = YES;
				CLANG_WARN_UNGUARDED_AVAILABILITY = YES_AGGRESSIVE;
				CLANG_WARN_UNREACHABLE_CODE = YES;
				CLANG_WARN__DUPLICATE_METHOD_MATCH = YES;
				COPY_PHASE_STRIP = NO;
				DEBUG_INFORMATION_FORMAT = "dwarf-with-dsym";
				ENABLE_NS_ASSERTIONS = NO;
				ENABLE_STRICT_OBJC_MSGSEND = YES;
				GCC_C_LANGUAGE_STANDARD = gnu11;
				GCC_NO_COMMON_BLOCKS = YES;
				GCC_WARN_64_TO_32_BIT_CONVERSION = YES;
				GCC_WARN_ABOUT_RETURN_TYPE = YES_ERROR;
				GCC_WARN_UNDECLARED_SELECTOR = YES;
				GCC_WARN_UNINITIALIZED_AUTOS = YES_AGGRESSIVE;
				GCC_WARN_UNUSED_FUNCTION = YES;
				GCC_WARN_UNUSED_VARIABLE = YES;
				IPHONEOS_DEPLOYMENT_TARGET = 13.0;
				MTL_ENABLE_DEBUG_INFO = NO;
				MTL_FAST_MATH = YES;
				SDKROOT = iphoneos;
				SWIFT_COMPILATION_MODE = wholemodule;
				SWIFT_OPTIMIZATION_LEVEL = "-O";
				VALIDATE_PRODUCT = YES;
			};
			name = Release;
		};
		6420310929B9B2E2008DF524 /* Debug */ = {
			isa = XCBuildConfiguration;
			baseConfigurationReference = 4F2A1503BB4B9B598147F0D9 /* Pods-Plot.debug.xcconfig */;
			buildSettings = {
				ASSETCATALOG_COMPILER_APPICON_NAME = AppIcon;
				ASSETCATALOG_COMPILER_GLOBAL_ACCENT_COLOR_NAME = AccentColor;
				CODE_SIGN_STYLE = Automatic;
				CURRENT_PROJECT_VERSION = 1;
				DEVELOPMENT_TEAM = Y53W55T72H;
				GENERATE_INFOPLIST_FILE = YES;
				INFOPLIST_FILE = Plot/Info.plist;
				INFOPLIST_KEY_UIApplicationSupportsIndirectInputEvents = YES;
				INFOPLIST_KEY_UILaunchStoryboardName = LaunchScreen;
				INFOPLIST_KEY_UIMainStoryboardFile = Main;
				INFOPLIST_KEY_UISupportedInterfaceOrientations_iPad = "UIInterfaceOrientationPortrait UIInterfaceOrientationPortraitUpsideDown UIInterfaceOrientationLandscapeLeft UIInterfaceOrientationLandscapeRight";
				INFOPLIST_KEY_UISupportedInterfaceOrientations_iPhone = "UIInterfaceOrientationPortrait UIInterfaceOrientationLandscapeLeft UIInterfaceOrientationLandscapeRight";
				IPHONEOS_DEPLOYMENT_TARGET = 13.0;
				LD_RUNPATH_SEARCH_PATHS = (
					"$(inherited)",
					"@executable_path/Frameworks",
				);
				MARKETING_VERSION = 1.0;
				PRODUCT_BUNDLE_IDENTIFIER = tw.com.markchang.Plot;
				PRODUCT_NAME = "$(TARGET_NAME)";
				SWIFT_EMIT_LOC_STRINGS = YES;
				SWIFT_VERSION = 5.0;
				TARGETED_DEVICE_FAMILY = "1,2";
			};
			name = Debug;
		};
		6420310A29B9B2E2008DF524 /* Release */ = {
			isa = XCBuildConfiguration;
			baseConfigurationReference = 77B4C4F31767367A9CCC1842 /* Pods-Plot.release.xcconfig */;
			buildSettings = {
				ASSETCATALOG_COMPILER_APPICON_NAME = AppIcon;
				ASSETCATALOG_COMPILER_GLOBAL_ACCENT_COLOR_NAME = AccentColor;
				CODE_SIGN_STYLE = Automatic;
				CURRENT_PROJECT_VERSION = 1;
				DEVELOPMENT_TEAM = Y53W55T72H;
				GENERATE_INFOPLIST_FILE = YES;
				INFOPLIST_FILE = Plot/Info.plist;
				INFOPLIST_KEY_UIApplicationSupportsIndirectInputEvents = YES;
				INFOPLIST_KEY_UILaunchStoryboardName = LaunchScreen;
				INFOPLIST_KEY_UIMainStoryboardFile = Main;
				INFOPLIST_KEY_UISupportedInterfaceOrientations_iPad = "UIInterfaceOrientationPortrait UIInterfaceOrientationPortraitUpsideDown UIInterfaceOrientationLandscapeLeft UIInterfaceOrientationLandscapeRight";
				INFOPLIST_KEY_UISupportedInterfaceOrientations_iPhone = "UIInterfaceOrientationPortrait UIInterfaceOrientationLandscapeLeft UIInterfaceOrientationLandscapeRight";
				IPHONEOS_DEPLOYMENT_TARGET = 13.0;
				LD_RUNPATH_SEARCH_PATHS = (
					"$(inherited)",
					"@executable_path/Frameworks",
				);
				MARKETING_VERSION = 1.0;
				PRODUCT_BUNDLE_IDENTIFIER = tw.com.markchang.Plot;
				PRODUCT_NAME = "$(TARGET_NAME)";
				SWIFT_EMIT_LOC_STRINGS = YES;
				SWIFT_VERSION = 5.0;
				TARGETED_DEVICE_FAMILY = "1,2";
			};
			name = Release;
		};
/* End XCBuildConfiguration section */

/* Begin XCConfigurationList section */
		642030EF29B9B2E0008DF524 /* Build configuration list for PBXProject "Plot" */ = {
			isa = XCConfigurationList;
			buildConfigurations = (
				6420310629B9B2E2008DF524 /* Debug */,
				6420310729B9B2E2008DF524 /* Release */,
			);
			defaultConfigurationIsVisible = 0;
			defaultConfigurationName = Release;
		};
		6420310829B9B2E2008DF524 /* Build configuration list for PBXNativeTarget "Plot" */ = {
			isa = XCConfigurationList;
			buildConfigurations = (
				6420310929B9B2E2008DF524 /* Debug */,
				6420310A29B9B2E2008DF524 /* Release */,
			);
			defaultConfigurationIsVisible = 0;
			defaultConfigurationName = Release;
		};
/* End XCConfigurationList section */
	};
	rootObject = 642030EC29B9B2E0008DF524 /* Project object */;
}
